
Microsoft Visual Studio Solution File, Format Version 12.00
# Visual Studio 2013
VisualStudioVersion = 12.0.31101.0
MinimumVisualStudioVersion = 10.0.40219.1
Project("{FAE04EC0-301F-11D3-BF4B-00C04F79EFBC}") = "1.ReformatCode", "ConsoleApplication1\1.ReformatCode.csproj", "{998EB524-F9A6-4778-B98A-C4072286EA6D}"
EndProject
Project("{FAE04EC0-301F-11D3-BF4B-00C04F79EFBC}") = "2.ReformatYourOwnCode", "2.ReformatYourOwnCode\2.ReformatYourOwnCode.csproj", "{E71F268E-4EF0-48AA-8E58-1C1526F1A571}"
EndProject
Global
	GlobalSection(SolutionConfigurationPlatforms) = preSolution
		Debug|Any CPU = Debug|Any CPU
		Release|Any CPU = Release|Any CPU
	EndGlobalSection
	GlobalSection(ProjectConfigurationPlatforms) = postSolution
		{998EB524-F9A6-4778-B98A-C4072286EA6D}.Debug|Any CPU.ActiveCfg = Debug|Any CPU
		{998EB524-F9A6-4778-B98A-C4072286EA6D}.Debug|Any CPU.Build.0 = Debug|Any CPU
		{998EB524-F9A6-4778-B98A-C4072286EA6D}.Release|Any CPU.ActiveCfg = Release|Any CPU
		{998EB524-F9A6-4778-B98A-C4072286EA6D}.Release|Any CPU.Build.0 = Release|Any CPU
		{E71F268E-4EF0-48AA-8E58-1C1526F1A571}.Debug|Any CPU.ActiveCfg = Debug|Any CPU
		{E71F268E-4EF0-48AA-8E58-1C1526F1A571}.Debug|Any CPU.Build.0 = Debug|Any CPU
		{E71F268E-4EF0-48AA-8E58-1C1526F1A571}.Release|Any CPU.ActiveCfg = Release|Any CPU
		{E71F268E-4EF0-48AA-8E58-1C1526F1A571}.Release|Any CPU.Build.0 = Release|Any CPU
	EndGlobalSection
	GlobalSection(SolutionProperties) = preSolution
		HideSolutionNode = FALSE
	EndGlobalSection
EndGlobal
