
Microsoft Visual Studio Solution File, Format Version 12.00
# Visual Studio 2013
VisualStudioVersion = 12.0.31101.0
MinimumVisualStudioVersion = 10.0.40219.1
Project("{FAE04EC0-301F-11D3-BF4B-00C04F79EFBC}") = "2.PerformanceOfOperations", "2.PerformanceOfOperations\2.PerformanceOfOperations.csproj", "{1DA222A2-1B9D-477F-AE66-73F0D3278FEF}"
EndProject
Global
	GlobalSection(SolutionConfigurationPlatforms) = preSolution
		Debug|Any CPU = Debug|Any CPU
		Release|Any CPU = Release|Any CPU
	EndGlobalSection
	GlobalSection(ProjectConfigurationPlatforms) = postSolution
		{1DA222A2-1B9D-477F-AE66-73F0D3278FEF}.Debug|Any CPU.ActiveCfg = Debug|Any CPU
		{1DA222A2-1B9D-477F-AE66-73F0D3278FEF}.Debug|Any CPU.Build.0 = Debug|Any CPU
		{1DA222A2-1B9D-477F-AE66-73F0D3278FEF}.Release|Any CPU.ActiveCfg = Release|Any CPU
		{1DA222A2-1B9D-477F-AE66-73F0D3278FEF}.Release|Any CPU.Build.0 = Release|Any CPU
	EndGlobalSection
	GlobalSection(SolutionProperties) = preSolution
		HideSolutionNode = FALSE
	EndGlobalSection
EndGlobal
